PODS:
  - FBSnapshotTestCase (2.1.4):
    - FBSnapshotTestCase/SwiftSupport (= 2.1.4)
  - FBSnapshotTestCase/Core (2.1.4)
  - FBSnapshotTestCase/SwiftSupport (2.1.4):
    - FBSnapshotTestCase/Core
  - HandyJSON (5.0.2)
  - HYLearningSwift (0.1.4):
    - HandyJSON

DEPENDENCIES:
  - FBSnapshotTestCase (~> 2.1.4)
  - HYLearningSwift (from `../`)

SPEC REPOS:
  trunk:
    - FBSnapshotTestCase
    - HandyJSON

EXTERNAL SOURCES:
  HYLearningSwift:
    :path: "../"

SPEC CHECKSUMS:
  FBSnapshotTestCase: 094f9f314decbabe373b87cc339bea235a63e07a
  HandyJSON: 9e4e236f5d2dbefad5155a77417bbea438201c03
  HYLearningSwift: e418d69b9435c8d9314c4fc4615f9c57b7bc72dd

PODFILE CHECKSUM: 1fb65d832f88b480a3957adec5d3eb7026504080

COCOAPODS: 1.9.3
